
Microsoft Visual Studio Solution File, Format Version 12.00
# Visual Studio Version 16
VisualStudioVersion = 16.0.30225.117
MinimumVisualStudioVersion = 10.0.40219.1
Project("{9A19103F-16F7-4668-BE54-9A1E7A4F7556}") = "src\PSTemperature", "src\PSTemperature.csproj", "{A6276093-AF29-4B5D-BD6B-79129ADDAB7A}"
EndProject
Global
	GlobalSection(SolutionConfigurationPlatforms) = preSolution
		Debug|Any CPU = Debug|Any CPU
		Release|Any CPU = Release|Any CPU
	EndGlobalSection
	GlobalSection(ProjectConfigurationPlatforms) = postSolution
		{A6276093-AF29-4B5D-BD6B-79129ADDAB7A}.Debug|Any CPU.ActiveCfg = Debug|Any CPU
		{A6276093-AF29-4B5D-BD6B-79129ADDAB7A}.Debug|Any CPU.Build.0 = Debug|Any CPU
		{A6276093-AF29-4B5D-BD6B-79129ADDAB7A}.Release|Any CPU.ActiveCfg = Release|Any CPU
		{A6276093-AF29-4B5D-BD6B-79129ADDAB7A}.Release|Any CPU.Build.0 = Release|Any CPU
	EndGlobalSection
	GlobalSection(SolutionProperties) = preSolution
		HideSolutionNode = FALSE
	EndGlobalSection
	GlobalSection(ExtensibilityGlobals) = postSolution
		SolutionGuid = {EEC178F8-4199-4A99-8B5F-34A5B5DABCEF}
	EndGlobalSection
EndGlobal
